
Microsoft Visual Studio Solution File, Format Version 12.00
# Visual Studio Version 17
VisualStudioVersion = 17.13.35806.99 d17.13
MinimumVisualStudioVersion = 10.0.40219.1
Project("{FAE04EC0-301F-11D3-BF4B-00C04F79EFBC}") = "Piece of Art Mall", "Piece of Art Mall\Piece of Art Mall.csproj", "{8CE37273-DF13-45D6-8494-208162895B91}"
EndProject
Global
	GlobalSection(SolutionConfigurationPlatforms) = preSolution
		Debug|Any CPU = Debug|Any CPU
		Release|Any CPU = Release|Any CPU
	EndGlobalSection
	GlobalSection(ProjectConfigurationPlatforms) = postSolution
		{8CE37273-DF13-45D6-8494-208162895B91}.Debug|Any CPU.ActiveCfg = Debug|Any CPU
		{8CE37273-DF13-45D6-8494-208162895B91}.Debug|Any CPU.Build.0 = Debug|Any CPU
		{8CE37273-DF13-45D6-8494-208162895B91}.Release|Any CPU.ActiveCfg = Release|Any CPU
		{8CE37273-DF13-45D6-8494-208162895B91}.Release|Any CPU.Build.0 = Release|Any CPU
	EndGlobalSection
	GlobalSection(SolutionProperties) = preSolution
		HideSolutionNode = FALSE
	EndGlobalSection
	GlobalSection(ExtensibilityGlobals) = postSolution
		SolutionGuid = {99600B03-77B2-4CA1-AB43-4CCD1C40440C}
	EndGlobalSection
EndGlobal
